
Microsoft Visual Studio Solution File, Format Version 12.00
# Visual Studio Version 16
VisualStudioVersion = 25.0.1704.0
MinimumVisualStudioVersion = 10.0.40219.1
Project("{FAE04EC0-301F-11D3-BF4B-00C04F79EFBC}") = "CompanyRoster", "CompanyRoster\CompanyRoster.csproj", "{3D0E5487-D3CE-472C-AA20-993F7C64416C}"
EndProject
Global
	GlobalSection(SolutionConfigurationPlatforms) = preSolution
		Debug|Any CPU = Debug|Any CPU
		Release|Any CPU = Release|Any CPU
	EndGlobalSection
	GlobalSection(ProjectConfigurationPlatforms) = postSolution
		{3D0E5487-D3CE-472C-AA20-993F7C64416C}.Debug|Any CPU.ActiveCfg = Debug|Any CPU
		{3D0E5487-D3CE-472C-AA20-993F7C64416C}.Debug|Any CPU.Build.0 = Debug|Any CPU
		{3D0E5487-D3CE-472C-AA20-993F7C64416C}.Release|Any CPU.ActiveCfg = Release|Any CPU
		{3D0E5487-D3CE-472C-AA20-993F7C64416C}.Release|Any CPU.Build.0 = Release|Any CPU
	EndGlobalSection
	GlobalSection(SolutionProperties) = preSolution
		HideSolutionNode = FALSE
	EndGlobalSection
	GlobalSection(ExtensibilityGlobals) = postSolution
		SolutionGuid = {3C30E4F3-8259-459B-AEF4-511BD8FDC9F4}
	EndGlobalSection
EndGlobal
